
Microsoft Visual Studio Solution File, Format Version 12.00
# Visual Studio 2015
Project("{FAE04EC0-301F-11D3-BF4B-00C04F79EFBC}") = "Social Media Test.CSharp", "Social Media Test.CSharp.csproj", "{142E3119-4342-E41E-7B14-06229528E011}"
EndProject
Project("{FAE04EC0-301F-11D3-BF4B-00C04F79EFBC}") = "Social Media Test.CSharp.Editor", "Social Media Test.CSharp.Editor.csproj", "{39A1C98A-5973-FCFE-EE76-527B576AA2BE}"
EndProject
Global
	GlobalSection(SolutionConfigurationPlatforms) = preSolution
		Debug|Any CPU = Debug|Any CPU
		Release|Any CPU = Release|Any CPU
	EndGlobalSection
	GlobalSection(ProjectConfigurationPlatforms) = postSolution
		{142E3119-4342-E41E-7B14-06229528E011}.Debug|Any CPU.ActiveCfg = Debug|Any CPU
		{142E3119-4342-E41E-7B14-06229528E011}.Debug|Any CPU.Build.0 = Debug|Any CPU
		{142E3119-4342-E41E-7B14-06229528E011}.Release|Any CPU.ActiveCfg = Release|Any CPU
		{142E3119-4342-E41E-7B14-06229528E011}.Release|Any CPU.Build.0 = Release|Any CPU
		{39A1C98A-5973-FCFE-EE76-527B576AA2BE}.Debug|Any CPU.ActiveCfg = Debug|Any CPU
		{39A1C98A-5973-FCFE-EE76-527B576AA2BE}.Debug|Any CPU.Build.0 = Debug|Any CPU
		{39A1C98A-5973-FCFE-EE76-527B576AA2BE}.Release|Any CPU.ActiveCfg = Release|Any CPU
		{39A1C98A-5973-FCFE-EE76-527B576AA2BE}.Release|Any CPU.Build.0 = Release|Any CPU
	EndGlobalSection
	GlobalSection(SolutionProperties) = preSolution
		HideSolutionNode = FALSE
	EndGlobalSection
EndGlobal
